# @generated - this file is auto-generated by `mise lock` https://mise.jdx.dev/dev-tools/mise-lock.html

lockfile_version = 1

[[tools."pipx:molecule"]]
version = "26.6.0"
backend = "pipx:molecule"
specifiers = ["26.6.0"]

[tools."pipx:molecule".options]
uvx_args = "--with=molecule-plugins[docker],ansible-lint"
